
Microsoft Visual Studio Solution File, Format Version 12.00
# Visual Studio Version 16
VisualStudioVersion = 16.0.30907.101
MinimumVisualStudioVersion = 10.0.40219.1
Project("{FAE04EC0-301F-11D3-BF4B-00C04F79EFBC}") = "Lesson_8", "Lesson_8\Lesson_8.csproj", "{8AE92B2B-2ECE-4905-BCF3-4EE775BDCD9E}"
EndProject
Global
	GlobalSection(SolutionConfigurationPlatforms) = preSolution
		Debug|Any CPU = Debug|Any CPU
		Release|Any CPU = Release|Any CPU
	EndGlobalSection
	GlobalSection(ProjectConfigurationPlatforms) = postSolution
		{8AE92B2B-2ECE-4905-BCF3-4EE775BDCD9E}.Debug|Any CPU.ActiveCfg = Debug|Any CPU
		{8AE92B2B-2ECE-4905-BCF3-4EE775BDCD9E}.Debug|Any CPU.Build.0 = Debug|Any CPU
		{8AE92B2B-2ECE-4905-BCF3-4EE775BDCD9E}.Release|Any CPU.ActiveCfg = Release|Any CPU
		{8AE92B2B-2ECE-4905-BCF3-4EE775BDCD9E}.Release|Any CPU.Build.0 = Release|Any CPU
	EndGlobalSection
	GlobalSection(SolutionProperties) = preSolution
		HideSolutionNode = FALSE
	EndGlobalSection
	GlobalSection(ExtensibilityGlobals) = postSolution
		SolutionGuid = {0C29D580-72D6-4705-B651-2B5D4A3A1EB1}
	EndGlobalSection
EndGlobal
